
Microsoft Visual Studio Solution File, Format Version 12.00
# Visual Studio Version 16
VisualStudioVersion = 16.0.31911.196
MinimumVisualStudioVersion = 10.0.40219.1
Project("{9A19103F-16F7-4668-BE54-9A1E7A4F7556}") = "PingPongServer", "PingPongServer\PingPongServer.csproj", "{3B91D07D-0A2D-45BC-95EE-FC07B552AF4E}"
EndProject
Project("{9A19103F-16F7-4668-BE54-9A1E7A4F7556}") = "PingPongClient", "PingPongClient\PingPongClient.csproj", "{9CA6191D-E37B-4B4B-AD81-C6F9CEA86856}"
EndProject
Project("{FAE04EC0-301F-11D3-BF4B-00C04F79EFBC}") = "Commons", "Commons\Commons.csproj", "{6D70C704-5ED5-4354-A1ED-75002DE52F4C}"
EndProject
Global
	GlobalSection(SolutionConfigurationPlatforms) = preSolution
		Debug|Any CPU = Debug|Any CPU
		Release|Any CPU = Release|Any CPU
	EndGlobalSection
	GlobalSection(ProjectConfigurationPlatforms) = postSolution
		{3B91D07D-0A2D-45BC-95EE-FC07B552AF4E}.Debug|Any CPU.ActiveCfg = Debug|Any CPU
		{3B91D07D-0A2D-45BC-95EE-FC07B552AF4E}.Debug|Any CPU.Build.0 = Debug|Any CPU
		{3B91D07D-0A2D-45BC-95EE-FC07B552AF4E}.Release|Any CPU.ActiveCfg = Release|Any CPU
		{3B91D07D-0A2D-45BC-95EE-FC07B552AF4E}.Release|Any CPU.Build.0 = Release|Any CPU
		{9CA6191D-E37B-4B4B-AD81-C6F9CEA86856}.Debug|Any CPU.ActiveCfg = Debug|Any CPU
		{9CA6191D-E37B-4B4B-AD81-C6F9CEA86856}.Debug|Any CPU.Build.0 = Debug|Any CPU
		{9CA6191D-E37B-4B4B-AD81-C6F9CEA86856}.Release|Any CPU.ActiveCfg = Release|Any CPU
		{9CA6191D-E37B-4B4B-AD81-C6F9CEA86856}.Release|Any CPU.Build.0 = Release|Any CPU
		{6D70C704-5ED5-4354-A1ED-75002DE52F4C}.Debug|Any CPU.ActiveCfg = Debug|Any CPU
		{6D70C704-5ED5-4354-A1ED-75002DE52F4C}.Debug|Any CPU.Build.0 = Debug|Any CPU
		{6D70C704-5ED5-4354-A1ED-75002DE52F4C}.Release|Any CPU.ActiveCfg = Release|Any CPU
		{6D70C704-5ED5-4354-A1ED-75002DE52F4C}.Release|Any CPU.Build.0 = Release|Any CPU
	EndGlobalSection
	GlobalSection(SolutionProperties) = preSolution
		HideSolutionNode = FALSE
	EndGlobalSection
	GlobalSection(ExtensibilityGlobals) = postSolution
		SolutionGuid = {3B42466D-429B-46F3-904C-49AF28EF42AD}
	EndGlobalSection
EndGlobal
